
Microsoft Visual Studio Solution File, Format Version 12.00
# Visual Studio Version 16
VisualStudioVersion = 16.0.31105.61
MinimumVisualStudioVersion = 10.0.40219.1
Project("{FAE04EC0-301F-11D3-BF4B-00C04F79EFBC}") = "Assignment5", "Assignment5\Assignment5.csproj", "{11103FFF-A6CC-4D2A-B05B-91C4CFBF2870}"
EndProject
Global
	GlobalSection(SolutionConfigurationPlatforms) = preSolution
		Debug|Any CPU = Debug|Any CPU
		Release|Any CPU = Release|Any CPU
	EndGlobalSection
	GlobalSection(ProjectConfigurationPlatforms) = postSolution
		{11103FFF-A6CC-4D2A-B05B-91C4CFBF2870}.Debug|Any CPU.ActiveCfg = Debug|Any CPU
		{11103FFF-A6CC-4D2A-B05B-91C4CFBF2870}.Debug|Any CPU.Build.0 = Debug|Any CPU
		{11103FFF-A6CC-4D2A-B05B-91C4CFBF2870}.Release|Any CPU.ActiveCfg = Release|Any CPU
		{11103FFF-A6CC-4D2A-B05B-91C4CFBF2870}.Release|Any CPU.Build.0 = Release|Any CPU
	EndGlobalSection
	GlobalSection(SolutionProperties) = preSolution
		HideSolutionNode = FALSE
	EndGlobalSection
	GlobalSection(ExtensibilityGlobals) = postSolution
		SolutionGuid = {38EA3A7A-7DB2-4482-B1BE-71278AD2535A}
	EndGlobalSection
EndGlobal
